# THIS IS AN AUTOGENERATED FILE. DO NOT EDIT THIS FILE DIRECTLY.
# yarn lockfile v1


uni-simple-router@^1.3.5:
  version "1.3.5"
  resolved "https://registry.yarnpkg.com/uni-simple-router/-/uni-simple-router-1.3.5.tgz#ff1a499ea3e711596c22db5a50238758848f4f85"
  integrity sha512-B/vzuHoUjFDxbnCk06ZQ816/R/4daQ+MHLF7AVBTG5o833yBo6vaeJZPxZLToJbM1gDWXjtTL1Zt+Xd2IGI8OA==

uuid-v4@^0.1.0:
  version "0.1.0"
  resolved "https://registry.yarnpkg.com/uuid-v4/-/uuid-v4-0.1.0.tgz#62d7b310406f6cecfea1528c69f1e8e0bcec5a3a"
  integrity sha1-YtezEEBvbOz+oVKMafHo4LzsWjo=
